<?xml version="1.0" encoding="utf-8"?>
<Project ToolsVersion="4.0" xmlns="http://schemas.microsoft.com/developer/msbuild/2003">
  <ItemGroup>
    <ClCompile Include="Rendering.cpp">
      <Filter>Source Files</Filter>
    </ClCompile>
    <ClCompile Include="StringUtils.cpp">
      <Filter>Source Files</Filter>
    </ClCompile>
  </ItemGroup>
  <ItemGroup>
    <ClInclude Include="CudaUtils.h">
      <Filter>Header Files</Filter>
    </ClInclude>
    <ClInclude Include="DLLMacros.h">
      <Filter>Header Files</Filter>
    </ClInclude>
    <ClInclude Include="KahanSum.h">
      <Filter>Header Files</Filter>
    </ClInclude>
    <ClInclude Include="KDTree.h">
      <Filter>Header Files</Filter>
    </ClInclude>
    <ClInclude Include="palala.h">
      <Filter>Header Files</Filter>
    </ClInclude>
    <ClInclude Include="Rendering.h">
      <Filter>Header Files</Filter>
    </ClInclude>
    <ClInclude Include="StringUtils.h">
      <Filter>Header Files</Filter>
    </ClInclude>
    <ClInclude Include="ThreadUtils.h">
      <Filter>Header Files</Filter>
    </ClInclude>
    <ClInclude Include="Vector.h">
      <Filter>Header Files</Filter>
    </ClInclude>
  </ItemGroup>
  <ItemGroup>
    <Filter Include="Header Files">
      <UniqueIdentifier>{335e8ec6-4835-496f-bc9c-568609944ec1}</UniqueIdentifier>
    </Filter>
    <Filter Include="Source Files">
      <UniqueIdentifier>{48af9c7a-778b-4f4b-a4eb-45f078fd9ada}</UniqueIdentifier>
    </Filter>
  </ItemGroup>
  <ItemGroup>
    <CudaCompile Include="DriftEstimation.cu">
      <Filter>Source Files</Filter>
    </CudaCompile>
  </ItemGroup>
  <ItemGroup>
    <None Include="matlab_gpu.def">
      <Filter>Source Files</Filter>
    </None>
  </ItemGroup>
</Project>